// !$*UTF8*$!
{
	archiveVersion = 1;
	classes = {
	};
	objectVersion = 48;
	objects = {

/* Begin PBXBuildFile section */
		3E0DABB22040F25200E63A84 /* SampleObsevable.swift in Sources */ = {isa = PBXBuildFile; fileRef = 3E0DABB12040F25200E63A84 /* SampleObsevable.swift */; };
		3E0DABB62040F45400E63A84 /* SampleObsevable.swift in Sources */ = {isa = PBXBuildFile; fileRef = 3E0DABB12040F25200E63A84 /* SampleObsevable.swift */; };
		3E0DABBE2040F90900E63A84 /* RxSwift.framework in Frameworks */ = {isa = PBXBuildFile; fileRef = 3E0DABB82040F4B800E63A84 /* RxSwift.framework */; };
		3E0DABBF2040F94D00E63A84 /* RxSwift.framework in Frameworks */ = {isa = PBXBuildFile; fileRef = 3E0DABB82040F4B800E63A84 /* RxSwift.framework */; };
		3EC8E0132040F1B200C9F0D7 /* AppDelegate.swift in Sources */ = {isa = PBXBuildFile; fileRef = 3EC8E0122040F1B200C9F0D7 /* AppDelegate.swift */; };
		3EC8E0152040F1B200C9F0D7 /* ViewController.swift in Sources */ = {isa = PBXBuildFile; fileRef = 3EC8E0142040F1B200C9F0D7 /* ViewController.swift */; };
		3EC8E0182040F1B200C9F0D7 /* Main.storyboard in Resources */ = {isa = PBXBuildFile; fileRef = 3EC8E0162040F1B200C9F0D7 /* Main.storyboard */; };
		3EC8E01A2040F1B200C9F0D7 /* Assets.xcassets in Resources */ = {isa = PBXBuildFile; fileRef = 3EC8E0192040F1B200C9F0D7 /* Assets.xcassets */; };
		3EC8E01D2040F1B200C9F0D7 /* LaunchScreen.storyboard in Resources */ = {isa = PBXBuildFile; fileRef = 3EC8E01B2040F1B200C9F0D7 /* LaunchScreen.storyboard */; };
		3EC8E0282040F1B200C9F0D7 /* rxswift_studyingTests.swift in Sources */ = {isa = PBXBuildFile; fileRef = 3EC8E0272040F1B200C9F0D7 /* rxswift_studyingTests.swift */; };
/* End PBXBuildFile section */

/* Begin PBXContainerItemProxy section */
		3EC8E0242040F1B200C9F0D7 /* PBXContainerItemProxy */ = {
			isa = PBXContainerItemProxy;
			containerPortal = 3EC8E0072040F1B200C9F0D7 /* Project object */;
			proxyType = 1;
			remoteGlobalIDString = 3EC8E00E2040F1B200C9F0D7;
			remoteInfo = "rxswift-studying";
		};
/* End PBXContainerItemProxy section */

/* Begin PBXFileReference section */
		3E0DABB12040F25200E63A84 /* SampleObsevable.swift */ = {isa = PBXFileReference; lastKnownFileType = sourcecode.swift; path = SampleObsevable.swift; sourceTree = "<group>"; };
		3E0DABB82040F4B800E63A84 /* RxSwift.framework */ = {isa = PBXFileReference; lastKnownFileType = wrapper.framework; name = RxSwift.framework; path = Carthage/Build/iOS/RxSwift.framework; sourceTree = "<group>"; };
		3E0DABB92040F4B800E63A84 /* Alamofire.framework */ = {isa = PBXFileReference; lastKnownFileType = wrapper.framework; name = Alamofire.framework; path = Carthage/Build/iOS/Alamofire.framework; sourceTree = "<group>"; };
		3E0DABBA2040F4B800E63A84 /* SwiftyJSON.framework */ = {isa = PBXFileReference; lastKnownFileType = wrapper.framework; name = SwiftyJSON.framework; path = Carthage/Build/iOS/SwiftyJSON.framework; sourceTree = "<group>"; };
		3EC8E00F2040F1B200C9F0D7 /* rxswift-studying.app */ = {isa = PBXFileReference; explicitFileType = wrapper.application; includeInIndex = 0; path = "rxswift-studying.app"; sourceTree = BUILT_PRODUCTS_DIR; };
		3EC8E0122040F1B200C9F0D7 /* AppDelegate.swift */ = {isa = PBXFileReference; lastKnownFileType = sourcecode.swift; path = AppDelegate.swift; sourceTree = "<group>"; };
		3EC8E0142040F1B200C9F0D7 /* ViewController.swift */ = {isa = PBXFileReference; lastKnownFileType = sourcecode.swift; path = ViewController.swift; sourceTree = "<group>"; };
		3EC8E0172040F1B200C9F0D7 /* Base */ = {isa = PBXFileReference; lastKnownFileType = file.storyboard; name = Base; path = Base.lproj/Main.storyboard; sourceTree = "<group>"; };
		3EC8E0192040F1B200C9F0D7 /* Assets.xcassets */ = {isa = PBXFileReference; lastKnownFileType = folder.assetcatalog; path = Assets.xcassets; sourceTree = "<group>"; };
		3EC8E01C2040F1B200C9F0D7 /* Base */ = {isa = PBXFileReference; lastKnownFileType = file.storyboard; name = Base; path = Base.lproj/LaunchScreen.storyboard; sourceTree = "<group>"; };
		3EC8E01E2040F1B200C9F0D7 /* Info.plist */ = {isa = PBXFileReference; lastKnownFileType = text.plist.xml; path = Info.plist; sourceTree = "<group>"; };
		3EC8E0232040F1B200C9F0D7 /* rxswift-studyingTests.xctest */ = {isa = PBXFileReference; explicitFileType = wrapper.cfbundle; includeInIndex = 0; path = "rxswift-studyingTests.xctest"; sourceTree = BUILT_PRODUCTS_DIR; };
		3EC8E0272040F1B200C9F0D7 /* rxswift_studyingTests.swift */ = {isa = PBXFileReference; lastKnownFileType = sourcecode.swift; path = rxswift_studyingTests.swift; sourceTree = "<group>"; };
		3EC8E0292040F1B200C9F0D7 /* Info.plist */ = {isa = PBXFileReference; lastKnownFileType = text.plist.xml; path = Info.plist; sourceTree = "<group>"; };
/* End PBXFileReference section */

/* Begin PBXFrameworksBuildPhase section */
		3EC8E00C2040F1B200C9F0D7 /* Frameworks */ = {
			isa = PBXFrameworksBuildPhase;
			buildActionMask = 2147483647;
			files = (
				3E0DABBE2040F90900E63A84 /* RxSwift.framework in Frameworks */,
			);
			runOnlyForDeploymentPostprocessing = 0;
		};
		3EC8E0202040F1B200C9F0D7 /* Frameworks */ = {
			isa = PBXFrameworksBuildPhase;
			buildActionMask = 2147483647;
			files = (
				3E0DABBF2040F94D00E63A84 /* RxSwift.framework in Frameworks */,
			);
			runOnlyForDeploymentPostprocessing = 0;
		};
/* End PBXFrameworksBuildPhase section */

/* Begin PBXGroup section */
		3E0DABB02040F1FB00E63A84 /* classes */ = {
			isa = PBXGroup;
			children = (
				3E0DABB12040F25200E63A84 /* SampleObsevable.swift */,
			);
			path = classes;
			sourceTree = "<group>";
		};
		3E0DABB72040F4B800E63A84 /* Frameworks */ = {
			isa = PBXGroup;
			children = (
				3E0DABB92040F4B800E63A84 /* Alamofire.framework */,
				3E0DABB82040F4B800E63A84 /* RxSwift.framework */,
				3E0DABBA2040F4B800E63A84 /* SwiftyJSON.framework */,
			);
			name = Frameworks;
			sourceTree = "<group>";
		};
		3EC8E0062040F1B200C9F0D7 = {
			isa = PBXGroup;
			children = (
				3EC8E0112040F1B200C9F0D7 /* rxswift-studying */,
				3EC8E0262040F1B200C9F0D7 /* rxswift-studyingTests */,
				3EC8E0102040F1B200C9F0D7 /* Products */,
				3E0DABB72040F4B800E63A84 /* Frameworks */,
			);
			sourceTree = "<group>";
		};
		3EC8E0102040F1B200C9F0D7 /* Products */ = {
			isa = PBXGroup;
			children = (
				3EC8E00F2040F1B200C9F0D7 /* rxswift-studying.app */,
				3EC8E0232040F1B200C9F0D7 /* rxswift-studyingTests.xctest */,
			);
			name = Products;
			sourceTree = "<group>";
		};
		3EC8E0112040F1B200C9F0D7 /* rxswift-studying */ = {
			isa = PBXGroup;
			children = (
				3E0DABB02040F1FB00E63A84 /* classes */,
				3EC8E0122040F1B200C9F0D7 /* AppDelegate.swift */,
				3EC8E0142040F1B200C9F0D7 /* ViewController.swift */,
				3EC8E0162040F1B200C9F0D7 /* Main.storyboard */,
				3EC8E0192040F1B200C9F0D7 /* Assets.xcassets */,
				3EC8E01B2040F1B200C9F0D7 /* LaunchScreen.storyboard */,
				3EC8E01E2040F1B200C9F0D7 /* Info.plist */,
			);
			path = "rxswift-studying";
			sourceTree = "<group>";
		};
		3EC8E0262040F1B200C9F0D7 /* rxswift-studyingTests */ = {
			isa = PBXGroup;
			children = (
				3EC8E0272040F1B200C9F0D7 /* rxswift_studyingTests.swift */,
				3EC8E0292040F1B200C9F0D7 /* Info.plist */,
			);
			path = "rxswift-studyingTests";
			sourceTree = "<group>";
		};
/* End PBXGroup section */

/* Begin PBXNativeTarget section */
		3EC8E00E2040F1B200C9F0D7 /* rxswift-studying */ = {
			isa = PBXNativeTarget;
			buildConfigurationList = 3EC8E02C2040F1B200C9F0D7 /* Build configuration list for PBXNativeTarget "rxswift-studying" */;
			buildPhases = (
				3EC8E00B2040F1B200C9F0D7 /* Sources */,
				3EC8E00C2040F1B200C9F0D7 /* Frameworks */,
				3EC8E00D2040F1B200C9F0D7 /* Resources */,
				3E0DABB52040F42000E63A84 /* ShellScript */,
			);
			buildRules = (
			);
			dependencies = (
			);
			name = "rxswift-studying";
			productName = "rxswift-studying";
			productReference = 3EC8E00F2040F1B200C9F0D7 /* rxswift-studying.app */;
			productType = "com.apple.product-type.application";
		};
		3EC8E0222040F1B200C9F0D7 /* rxswift-studyingTests */ = {
			isa = PBXNativeTarget;
			buildConfigurationList = 3EC8E02F2040F1B200C9F0D7 /* Build configuration list for PBXNativeTarget "rxswift-studyingTests" */;
			buildPhases = (
				3EC8E01F2040F1B200C9F0D7 /* Sources */,
				3EC8E0202040F1B200C9F0D7 /* Frameworks */,
				3EC8E0212040F1B200C9F0D7 /* Resources */,
				3E0DABB32040F37100E63A84 /* ShellScript */,
			);
			buildRules = (
			);
			dependencies = (
				3EC8E0252040F1B200C9F0D7 /* PBXTargetDependency */,
			);
			name = "rxswift-studyingTests";
			productName = "rxswift-studyingTests";
			productReference = 3EC8E0232040F1B200C9F0D7 /* rxswift-studyingTests.xctest */;
			productType = "com.apple.product-type.bundle.unit-test";
		};
/* End PBXNativeTarget section */

/* Begin PBXProject section */
		3EC8E0072040F1B200C9F0D7 /* Project object */ = {
			isa = PBXProject;
			attributes = {
				LastSwiftUpdateCheck = 0920;
				LastUpgradeCheck = 0920;
				ORGANIZATIONNAME = kan;
				TargetAttributes = {
					3EC8E00E2040F1B200C9F0D7 = {
						CreatedOnToolsVersion = 9.2;
						ProvisioningStyle = Automatic;
					};
					3EC8E0222040F1B200C9F0D7 = {
						CreatedOnToolsVersion = 9.2;
						ProvisioningStyle = Automatic;
						TestTargetID = 3EC8E00E2040F1B200C9F0D7;
					};
				};
			};
			buildConfigurationList = 3EC8E00A2040F1B200C9F0D7 /* Build configuration list for PBXProject "rxswift-studying" */;
			compatibilityVersion = "Xcode 8.0";
			developmentRegion = en;
			hasScannedForEncodings = 0;
			knownRegions = (
				en,
				Base,
			);
			mainGroup = 3EC8E0062040F1B200C9F0D7;
			productRefGroup = 3EC8E0102040F1B200C9F0D7 /* Products */;
			projectDirPath = "";
			projectRoot = "";
			targets = (
				3EC8E00E2040F1B200C9F0D7 /* rxswift-studying */,
				3EC8E0222040F1B200C9F0D7 /* rxswift-studyingTests */,
			);
		};
/* End PBXProject section */

/* Begin PBXResourcesBuildPhase section */
		3EC8E00D2040F1B200C9F0D7 /* Resources */ = {
			isa = PBXResourcesBuildPhase;
			buildActionMask = 2147483647;
			files = (
				3EC8E01D2040F1B200C9F0D7 /* LaunchScreen.storyboard in Resources */,
				3EC8E01A2040F1B200C9F0D7 /* Assets.xcassets in Resources */,
				3EC8E0182040F1B200C9F0D7 /* Main.storyboard in Resources */,
			);
			runOnlyForDeploymentPostprocessing = 0;
		};
		3EC8E0212040F1B200C9F0D7 /* Resources */ = {
			isa = PBXResourcesBuildPhase;
			buildActionMask = 2147483647;
			files = (
			);
			runOnlyForDeploymentPostprocessing = 0;
		};
/* End PBXResourcesBuildPhase section */

/* Begin PBXShellScriptBuildPhase section */
		3E0DABB32040F37100E63A84 /* ShellScript */ = {
			isa = PBXShellScriptBuildPhase;
			buildActionMask = 2147483647;
			files = (
			);
			inputPaths = (
				"$(SRCROOT)/Carthage/Build/iOS/Alamofire.framework",
				"$(SRCROOT)/Carthage/Build/iOS/RxSwift.framework",
				"$(SRCROOT)/Carthage/Build/iOS/SwiftyJSON.framework",
			);
			outputPaths = (
			);
			runOnlyForDeploymentPostprocessing = 0;
			shellPath = /bin/sh;
			shellScript = "/usr/local/bin/carthage copy-frameworks";
		};
		3E0DABB52040F42000E63A84 /* ShellScript */ = {
			isa = PBXShellScriptBuildPhase;
			buildActionMask = 2147483647;
			files = (
			);
			inputPaths = (
				"$(SRCROOT)/Carthage/Build/iOS/Alamofire.framework",
				"$(SRCROOT)/Carthage/Build/iOS/RxSwift.framework",
				"$(SRCROOT)/Carthage/Build/iOS/SwiftyJSON.framework",
			);
			outputPaths = (
			);
			runOnlyForDeploymentPostprocessing = 0;
			shellPath = /bin/sh;
			shellScript = "/usr/local/bin/carthage copy-frameworks";
		};
/* End PBXShellScriptBuildPhase section */

/* Begin PBXSourcesBuildPhase section */
		3EC8E00B2040F1B200C9F0D7 /* Sources */ = {
			isa = PBXSourcesBuildPhase;
			buildActionMask = 2147483647;
			files = (
				3E0DABB22040F25200E63A84 /* SampleObsevable.swift in Sources */,
				3EC8E0152040F1B200C9F0D7 /* ViewController.swift in Sources */,
				3EC8E0132040F1B200C9F0D7 /* AppDelegate.swift in Sources */,
			);
			runOnlyForDeploymentPostprocessing = 0;
		};
		3EC8E01F2040F1B200C9F0D7 /* Sources */ = {
			isa = PBXSourcesBuildPhase;
			buildActionMask = 2147483647;
			files = (
				3EC8E0282040F1B200C9F0D7 /* rxswift_studyingTests.swift in Sources */,
				3E0DABB62040F45400E63A84 /* SampleObsevable.swift in Sources */,
			);
			runOnlyForDeploymentPostprocessing = 0;
		};
/* End PBXSourcesBuildPhase section */

/* Begin PBXTargetDependency section */
		3EC8E0252040F1B200C9F0D7 /* PBXTargetDependency */ = {
			isa = PBXTargetDependency;
			target = 3EC8E00E2040F1B200C9F0D7 /* rxswift-studying */;
			targetProxy = 3EC8E0242040F1B200C9F0D7 /* PBXContainerItemProxy */;
		};
/* End PBXTargetDependency section */

/* Begin PBXVariantGroup section */
		3EC8E0162040F1B200C9F0D7 /* Main.storyboard */ = {
			isa = PBXVariantGroup;
			children = (
				3EC8E0172040F1B200C9F0D7 /* Base */,
			);
			name = Main.storyboard;
			sourceTree = "<group>";
		};
		3EC8E01B2040F1B200C9F0D7 /* LaunchScreen.storyboard */ = {
			isa = PBXVariantGroup;
			children = (
				3EC8E01C2040F1B200C9F0D7 /* Base */,
			);
			name = LaunchScreen.storyboard;
			sourceTree = "<group>";
		};
/* End PBXVariantGroup section */

/* Begin XCBuildConfiguration section */
		3EC8E02A2040F1B200C9F0D7 /* Debug */ = {
			isa = XCBuildConfiguration;
			buildSettings = {
				ALWAYS_SEARCH_USER_PATHS = NO;
				CLANG_ANALYZER_NONNULL = YES;
				CLANG_ANALYZER_NUMBER_OBJECT_CONVERSION = YES_AGGRESSIVE;
				CLANG_CXX_LANGUAGE_STANDARD = "gnu++14";
				CLANG_CXX_LIBRARY = "libc++";
				CLANG_ENABLE_MODULES = YES;
				CLANG_ENABLE_OBJC_ARC = YES;
				CLANG_WARN_BLOCK_CAPTURE_AUTORELEASING = YES;
				CLANG_WARN_BOOL_CONVERSION = YES;
				CLANG_WARN_COMMA = YES;
				CLANG_WARN_CONSTANT_CONVERSION = YES;
				CLANG_WARN_DIRECT_OBJC_ISA_USAGE = YES_ERROR;
				CLANG_WARN_DOCUMENTATION_COMMENTS = YES;
				CLANG_WARN_EMPTY_BODY = YES;
				CLANG_WARN_ENUM_CONVERSION = YES;
				CLANG_WARN_INFINITE_RECURSION = YES;
				CLANG_WARN_INT_CONVERSION = YES;
				CLANG_WARN_NON_LITERAL_NULL_CONVERSION = YES;
				CLANG_WARN_OBJC_LITERAL_CONVERSION = YES;
				CLANG_WARN_OBJC_ROOT_CLASS = YES_ERROR;
				CLANG_WARN_RANGE_LOOP_ANALYSIS = YES;
				CLANG_WARN_STRICT_PROTOTYPES = YES;
				CLANG_WARN_SUSPICIOUS_MOVE = YES;
				CLANG_WARN_UNGUARDED_AVAILABILITY = YES_AGGRESSIVE;
				CLANG_WARN_UNREACHABLE_CODE = YES;
				CLANG_WARN__DUPLICATE_METHOD_MATCH = YES;
				CODE_SIGN_IDENTITY = "iPhone Developer";
				COPY_PHASE_STRIP = NO;
				DEBUG_INFORMATION_FORMAT = dwarf;
				ENABLE_STRICT_OBJC_MSGSEND = YES;
				ENABLE_TESTABILITY = YES;
				GCC_C_LANGUAGE_STANDARD = gnu11;
				GCC_DYNAMIC_NO_PIC = NO;
				GCC_NO_COMMON_BLOCKS = YES;
				GCC_OPTIMIZATION_LEVEL = 0;
				GCC_PREPROCESSOR_DEFINITIONS = (
					"DEBUG=1",
					"$(inherited)",
				);
				GCC_WARN_64_TO_32_BIT_CONVERSION = YES;
				GCC_WARN_ABOUT_RETURN_TYPE = YES_ERROR;
				GCC_WARN_UNDECLARED_SELECTOR = YES;
				GCC_WARN_UNINITIALIZED_AUTOS = YES_AGGRESSIVE;
				GCC_WARN_UNUSED_FUNCTION = YES;
				GCC_WARN_UNUSED_VARIABLE = YES;
				IPHONEOS_DEPLOYMENT_TARGET = 11.2;
				MTL_ENABLE_DEBUG_INFO = YES;
				ONLY_ACTIVE_ARCH = YES;
				SDKROOT = iphoneos;
				SWIFT_ACTIVE_COMPILATION_CONDITIONS = DEBUG;
				SWIFT_OPTIMIZATION_LEVEL = "-Onone";
			};
			name = Debug;
		};
		3EC8E02B2040F1B200C9F0D7 /* Release */ = {
			isa = XCBuildConfiguration;
			buildSettings = {
				ALWAYS_SEARCH_USER_PATHS = NO;
				CLANG_ANALYZER_NONNULL = YES;
				CLANG_ANALYZER_NUMBER_OBJECT_CONVERSION = YES_AGGRESSIVE;
				CLANG_CXX_LANGUAGE_STANDARD = "gnu++14";
				CLANG_CXX_LIBRARY = "libc++";
				CLANG_ENABLE_MODULES = YES;
				CLANG_ENABLE_OBJC_ARC = YES;
				CLANG_WARN_BLOCK_CAPTURE_AUTORELEASING = YES;
				CLANG_WARN_BOOL_CONVERSION = YES;
				CLANG_WARN_COMMA = YES;
				CLANG_WARN_CONSTANT_CONVERSION = YES;
				CLANG_WARN_DIRECT_OBJC_ISA_USAGE = YES_ERROR;
				CLANG_WARN_DOCUMENTATION_COMMENTS = YES;
				CLANG_WARN_EMPTY_BODY = YES;
				CLANG_WARN_ENUM_CONVERSION = YES;
				CLANG_WARN_INFINITE_RECURSION = YES;
				CLANG_WARN_INT_CONVERSION = YES;
				CLANG_WARN_NON_LITERAL_NULL_CONVERSION = YES;
				CLANG_WARN_OBJC_LITERAL_CONVERSION = YES;
				CLANG_WARN_OBJC_ROOT_CLASS = YES_ERROR;
				CLANG_WARN_RANGE_LOOP_ANALYSIS = YES;
				CLANG_WARN_STRICT_PROTOTYPES = YES;
				CLANG_WARN_SUSPICIOUS_MOVE = YES;
				CLANG_WARN_UNGUARDED_AVAILABILITY = YES_AGGRESSIVE;
				CLANG_WARN_UNREACHABLE_CODE = YES;
				CLANG_WARN__DUPLICATE_METHOD_MATCH = YES;
				CODE_SIGN_IDENTITY = "iPhone Developer";
				COPY_PHASE_STRIP = NO;
				DEBUG_INFORMATION_FORMAT = "dwarf-with-dsym";
				ENABLE_NS_ASSERTIONS = NO;
				ENABLE_STRICT_OBJC_MSGSEND = YES;
				GCC_C_LANGUAGE_STANDARD = gnu11;
				GCC_NO_COMMON_BLOCKS = YES;
				GCC_WARN_64_TO_32_BIT_CONVERSION = YES;
				GCC_WARN_ABOUT_RETURN_TYPE = YES_ERROR;
				GCC_WARN_UNDECLARED_SELECTOR = YES;
				GCC_WARN_UNINITIALIZED_AUTOS = YES_AGGRESSIVE;
				GCC_WARN_UNUSED_FUNCTION = YES;
				GCC_WARN_UNUSED_VARIABLE = YES;
				IPHONEOS_DEPLOYMENT_TARGET = 11.2;
				MTL_ENABLE_DEBUG_INFO = NO;
				SDKROOT = iphoneos;
				SWIFT_OPTIMIZATION_LEVEL = "-Owholemodule";
				VALIDATE_PRODUCT = YES;
			};
			name = Release;
		};
		3EC8E02D2040F1B200C9F0D7 /* Debug */ = {
			isa = XCBuildConfiguration;
			buildSettings = {
				ASSETCATALOG_COMPILER_APPICON_NAME = AppIcon;
				CODE_SIGN_STYLE = Automatic;
				FRAMEWORK_SEARCH_PATHS = (
					"$(inherited)",
					"$(PROJECT_DIR)/Carthage/Build/iOS",
				);
				INFOPLIST_FILE = "rxswift-studying/Info.plist";
				LD_RUNPATH_SEARCH_PATHS = "$(inherited) @executable_path/Frameworks";
				PRODUCT_BUNDLE_IDENTIFIER = "notice.rxswift-studying";
				PRODUCT_NAME = "$(TARGET_NAME)";
				SWIFT_VERSION = 4.0;
				TARGETED_DEVICE_FAMILY = "1,2";
			};
			name = Debug;
		};
		3EC8E02E2040F1B200C9F0D7 /* Release */ = {
			isa = XCBuildConfiguration;
			buildSettings = {
				ASSETCATALOG_COMPILER_APPICON_NAME = AppIcon;
				CODE_SIGN_STYLE = Automatic;
				FRAMEWORK_SEARCH_PATHS = (
					"$(inherited)",
					"$(PROJECT_DIR)/Carthage/Build/iOS",
				);
				INFOPLIST_FILE = "rxswift-studying/Info.plist";
				LD_RUNPATH_SEARCH_PATHS = "$(inherited) @executable_path/Frameworks";
				PRODUCT_BUNDLE_IDENTIFIER = "notice.rxswift-studying";
				PRODUCT_NAME = "$(TARGET_NAME)";
				SWIFT_VERSION = 4.0;
				TARGETED_DEVICE_FAMILY = "1,2";
			};
			name = Release;
		};
		3EC8E0302040F1B200C9F0D7 /* Debug */ = {
			isa = XCBuildConfiguration;
			buildSettings = {
				ALWAYS_EMBED_SWIFT_STANDARD_LIBRARIES = YES;
				BUNDLE_LOADER = "$(TEST_HOST)";
				CODE_SIGN_STYLE = Automatic;
				FRAMEWORK_SEARCH_PATHS = (
					"$(inherited)",
					"$(PROJECT_DIR)/Carthage/Build/iOS",
				);
				INFOPLIST_FILE = "rxswift-studyingTests/Info.plist";
				LD_RUNPATH_SEARCH_PATHS = "$(inherited) @executable_path/Frameworks @loader_path/Frameworks";
				PRODUCT_BUNDLE_IDENTIFIER = "notice.rxswift-studyingTests";
				PRODUCT_NAME = "$(TARGET_NAME)";
				SWIFT_VERSION = 4.0;
				TARGETED_DEVICE_FAMILY = "1,2";
				TEST_HOST = "$(BUILT_PRODUCTS_DIR)/rxswift-studying.app/rxswift-studying";
			};
			name = Debug;
		};
		3EC8E0312040F1B200C9F0D7 /* Release */ = {
			isa = XCBuildConfiguration;
			buildSettings = {
				ALWAYS_EMBED_SWIFT_STANDARD_LIBRARIES = YES;
				BUNDLE_LOADER = "$(TEST_HOST)";
				CODE_SIGN_STYLE = Automatic;
				FRAMEWORK_SEARCH_PATHS = (
					"$(inherited)",
					"$(PROJECT_DIR)/Carthage/Build/iOS",
				);
				INFOPLIST_FILE = "rxswift-studyingTests/Info.plist";
				LD_RUNPATH_SEARCH_PATHS = "$(inherited) @executable_path/Frameworks @loader_path/Frameworks";
				PRODUCT_BUNDLE_IDENTIFIER = "notice.rxswift-studyingTests";
				PRODUCT_NAME = "$(TARGET_NAME)";
				SWIFT_VERSION = 4.0;
				TARGETED_DEVICE_FAMILY = "1,2";
				TEST_HOST = "$(BUILT_PRODUCTS_DIR)/rxswift-studying.app/rxswift-studying";
			};
			name = Release;
		};
/* End XCBuildConfiguration section */

/* Begin XCConfigurationList section */
		3EC8E00A2040F1B200C9F0D7 /* Build configuration list for PBXProject "rxswift-studying" */ = {
			isa = XCConfigurationList;
			buildConfigurations = (
				3EC8E02A2040F1B200C9F0D7 /* Debug */,
				3EC8E02B2040F1B200C9F0D7 /* Release */,
			);
			defaultConfigurationIsVisible = 0;
			defaultConfigurationName = Release;
		};
		3EC8E02C2040F1B200C9F0D7 /* Build configuration list for PBXNativeTarget "rxswift-studying" */ = {
			isa = XCConfigurationList;
			buildConfigurations = (
				3EC8E02D2040F1B200C9F0D7 /* Debug */,
				3EC8E02E2040F1B200C9F0D7 /* Release */,
			);
			defaultConfigurationIsVisible = 0;
			defaultConfigurationName = Release;
		};
		3EC8E02F2040F1B200C9F0D7 /* Build configuration list for PBXNativeTarget "rxswift-studyingTests" */ = {
			isa = XCConfigurationList;
			buildConfigurations = (
				3EC8E0302040F1B200C9F0D7 /* Debug */,
				3EC8E0312040F1B200C9F0D7 /* Release */,
			);
			defaultConfigurationIsVisible = 0;
			defaultConfigurationName = Release;
		};
/* End XCConfigurationList section */
	};
	rootObject = 3EC8E0072040F1B200C9F0D7 /* Project object */;
}
